<?xml version="1.0" encoding="utf-8"?>
<Project ToolsVersion="4.0" xmlns="http://schemas.microsoft.com/developer/msbuild/2003">
  <ItemGroup>
    <Filter Include="源文件">
      <UniqueIdentifier>{4FC737F1-C7A5-4376-A066-2A32D752A2FF}</UniqueIdentifier>
      <Extensions>cpp;c;cc;cxx;def;odl;idl;hpj;bat;asm;asmx</Extensions>
    </Filter>
    <Filter Include="头文件">
      <UniqueIdentifier>{93995380-89BD-4b04-88EB-625FBE52EBFB}</UniqueIdentifier>
      <Extensions>h;hpp;hxx;hm;inl;inc;xsd</Extensions>
    </Filter>
    <Filter Include="资源文件">
      <UniqueIdentifier>{67DA6AB6-F800-4c08-8B7A-83BB121AAD01}</UniqueIdentifier>
      <Extensions>rc;ico;cur;bmp;dlg;rc2;rct;bin;rgs;gif;jpg;jpeg;jpe;resx;tiff;tif;png;wav;mfcribbon-ms</Extensions>
    </Filter>
    <Filter Include="DebugView">
      <UniqueIdentifier>{8bddeaa1-a5f5-4cdf-a5a0-42454755d99a}</UniqueIdentifier>
    </Filter>
    <Filter Include="Lock">
      <UniqueIdentifier>{5b672722-88df-4909-bcbf-540cd12d6ac2}</UniqueIdentifier>
    </Filter>
    <Filter Include="Dump跟踪">
      <UniqueIdentifier>{7ac66f69-7912-4c6c-b084-54e0699f7203}</UniqueIdentifier>
    </Filter>
    <Filter Include="DllLoad">
      <UniqueIdentifier>{874e5172-403c-4f15-82f3-d4b2734b794d}</UniqueIdentifier>
    </Filter>
    <Filter Include="日记类">
      <UniqueIdentifier>{da491fbe-e8ce-41b3-9ba7-7a34cade72f4}</UniqueIdentifier>
    </Filter>
    <Filter Include="文件管理">
      <UniqueIdentifier>{f47e4700-5070-4e59-ac1b-260a82e1bc2d}</UniqueIdentifier>
    </Filter>
    <Filter Include="tinyxml">
      <UniqueIdentifier>{ce8f0db1-e564-4109-a30e-89412c0cac6b}</UniqueIdentifier>
    </Filter>
    <Filter Include="tinyxml2">
      <UniqueIdentifier>{2582fc44-973a-4b8e-90dc-be1c74e36dea}</UniqueIdentifier>
    </Filter>
    <Filter Include="SystemSettings">
      <UniqueIdentifier>{b28390bc-4a3b-415c-9f1e-3cdb25bc47df}</UniqueIdentifier>
    </Filter>
    <Filter Include="thread_pool">
      <UniqueIdentifier>{62371f7f-3061-456a-a4a7-e85dae4d60e7}</UniqueIdentifier>
    </Filter>
    <Filter Include="Json">
      <UniqueIdentifier>{7fdbb269-2098-4077-b401-6d728edcec22}</UniqueIdentifier>
    </Filter>
    <Filter Include="Log">
      <UniqueIdentifier>{03e3995a-02d7-4ddc-940f-720d10a5f4b6}</UniqueIdentifier>
    </Filter>
    <Filter Include="gtest">
      <UniqueIdentifier>{c9bf3f8d-9b19-426e-bd5e-50846218159d}</UniqueIdentifier>
    </Filter>
    <Filter Include="Zip">
      <UniqueIdentifier>{8b033a28-b59d-4f24-b6c5-832905dfed8a}</UniqueIdentifier>
    </Filter>
    <Filter Include="Zip\zlib">
      <UniqueIdentifier>{53d635b2-4862-4277-acf9-696cfe355f94}</UniqueIdentifier>
    </Filter>
    <Filter Include="LSP">
      <UniqueIdentifier>{5b68a0a0-ccce-4611-a04f-38c0a6437807}</UniqueIdentifier>
    </Filter>
    <Filter Include="http">
      <UniqueIdentifier>{6d43f9ca-c74d-4bcf-9fa0-b78845f3b983}</UniqueIdentifier>
    </Filter>
  </ItemGroup>
  <ItemGroup>
    <ClCompile Include="WisdomMain.cpp">
      <Filter>源文件</Filter>
    </ClCompile>
    <ClCompile Include="Dump\Crash_Dumper.cpp">
      <Filter>Dump跟踪</Filter>
    </ClCompile>
    <ClCompile Include="LiteLog\LiteLog.cpp">
      <Filter>日记类</Filter>
    </ClCompile>
    <ClCompile Include="DebugView\DebugView.cpp">
      <Filter>DebugView</Filter>
    </ClCompile>
    <ClCompile Include="FileManager\FileManange.cpp">
      <Filter>文件管理</Filter>
    </ClCompile>
    <ClCompile Include="tinyxml\tinystr.cpp">
      <Filter>tinyxml</Filter>
    </ClCompile>
    <ClCompile Include="tinyxml\tinyxml.cpp">
      <Filter>tinyxml</Filter>
    </ClCompile>
    <ClCompile Include="tinyxml\tinyxmlerror.cpp">
      <Filter>tinyxml</Filter>
    </ClCompile>
    <ClCompile Include="tinyxml\tinyxmlparser.cpp">
      <Filter>tinyxml</Filter>
    </ClCompile>
    <ClCompile Include="tinyxml\TinyXmlTool.cpp">
      <Filter>tinyxml</Filter>
    </ClCompile>
    <ClCompile Include="tinyxml2\tinyxml2.cpp">
      <Filter>tinyxml2</Filter>
    </ClCompile>
    <ClCompile Include="tinyxml2\tinyxml2test.cpp">
      <Filter>tinyxml2</Filter>
    </ClCompile>
    <ClCompile Include="tinyxml\TinyXmlTest.cpp">
      <Filter>tinyxml</Filter>
    </ClCompile>
    <ClCompile Include="SystemSettings\GetCpuUseage.cpp">
      <Filter>SystemSettings</Filter>
    </ClCompile>
    <ClCompile Include="SystemSettings\SystemSettings.cpp">
      <Filter>SystemSettings</Filter>
    </ClCompile>
    <ClCompile Include="thread_pool\thread_pool.cpp">
      <Filter>thread_pool</Filter>
    </ClCompile>
    <ClCompile Include="thread_pool\testThreadPool.cpp">
      <Filter>thread_pool</Filter>
    </ClCompile>
    <ClCompile Include="Json\jsoncpp.cpp">
      <Filter>Json</Filter>
    </ClCompile>
    <ClCompile Include="Json\WSJson.cpp">
      <Filter>Json</Filter>
    </ClCompile>
    <ClCompile Include="log\Logger.cpp">
      <Filter>Log</Filter>
    </ClCompile>
    <ClCompile Include="log\LogManager.cpp">
      <Filter>Log</Filter>
    </ClCompile>
    <ClCompile Include="gtest-1.7.0\gtest\gtest_main.cc">
      <Filter>gtest</Filter>
    </ClCompile>
    <ClCompile Include="gtest-1.7.0\gtest\gtest-all.cc">
      <Filter>gtest</Filter>
    </ClCompile>
    <ClCompile Include="log\log_deffine.cpp">
      <Filter>Log</Filter>
    </ClCompile>
    <ClCompile Include="zip\ZipOperation.cpp">
      <Filter>Zip</Filter>
    </ClCompile>
    <ClCompile Include="zip\zlib\adler32.c">
      <Filter>Zip\zlib</Filter>
    </ClCompile>
    <ClCompile Include="zip\zlib\compress.c">
      <Filter>Zip\zlib</Filter>
    </ClCompile>
    <ClCompile Include="zip\zlib\crc32.c">
      <Filter>Zip\zlib</Filter>
    </ClCompile>
    <ClCompile Include="zip\zlib\deflate.c">
      <Filter>Zip\zlib</Filter>
    </ClCompile>
    <ClCompile Include="zip\zlib\gzclose.c">
      <Filter>Zip\zlib</Filter>
    </ClCompile>
    <ClCompile Include="zip\zlib\gzlib.c">
      <Filter>Zip\zlib</Filter>
    </ClCompile>
    <ClCompile Include="zip\zlib\gzread.c">
      <Filter>Zip\zlib</Filter>
    </ClCompile>
    <ClCompile Include="zip\zlib\gzwrite.c">
      <Filter>Zip\zlib</Filter>
    </ClCompile>
    <ClCompile Include="zip\zlib\infback.c">
      <Filter>Zip\zlib</Filter>
    </ClCompile>
    <ClCompile Include="zip\zlib\inffast.c">
      <Filter>Zip\zlib</Filter>
    </ClCompile>
    <ClCompile Include="zip\zlib\inflate.c">
      <Filter>Zip\zlib</Filter>
    </ClCompile>
    <ClCompile Include="zip\zlib\inftrees.c">
      <Filter>Zip\zlib</Filter>
    </ClCompile>
    <ClCompile Include="zip\zlib\ioapi.c">
      <Filter>Zip\zlib</Filter>
    </ClCompile>
    <ClCompile Include="zip\zlib\iowin32.c">
      <Filter>Zip\zlib</Filter>
    </ClCompile>
    <ClCompile Include="zip\zlib\mztools.c">
      <Filter>Zip\zlib</Filter>
    </ClCompile>
    <ClCompile Include="zip\zlib\trees.c">
      <Filter>Zip\zlib</Filter>
    </ClCompile>
    <ClCompile Include="zip\zlib\uncompr.c">
      <Filter>Zip\zlib</Filter>
    </ClCompile>
    <ClCompile Include="zip\zlib\unzip.c">
      <Filter>Zip\zlib</Filter>
    </ClCompile>
    <ClCompile Include="zip\zlib\zip.c">
      <Filter>Zip\zlib</Filter>
    </ClCompile>
    <ClCompile Include="zip\zlib\zutil.c">
      <Filter>Zip\zlib</Filter>
    </ClCompile>
    <ClCompile Include="ziptest.cpp">
      <Filter>Zip</Filter>
    </ClCompile>
    <ClCompile Include="LSP\FixLSP.cpp">
      <Filter>LSP</Filter>
    </ClCompile>
    <ClCompile Include="HttpClientLib\HttpClient.cpp">
      <Filter>http</Filter>
    </ClCompile>
  </ItemGroup>
  <ItemGroup>
    <ClInclude Include="WisdomUtils.h">
      <Filter>头文件</Filter>
    </ClInclude>
    <ClInclude Include="AutoLockClass.h">
      <Filter>Lock</Filter>
    </ClInclude>
    <ClInclude Include="AutoLockMacro.h">
      <Filter>Lock</Filter>
    </ClInclude>
    <ClInclude Include="DllLoader.h">
      <Filter>DllLoad</Filter>
    </ClInclude>
    <ClInclude Include="Dump\Crash_Dumper.h">
      <Filter>Dump跟踪</Filter>
    </ClInclude>
    <ClInclude Include="DebugView\DebugView.h">
      <Filter>DebugView</Filter>
    </ClInclude>
    <ClInclude Include="head.h">
      <Filter>头文件</Filter>
    </ClInclude>
    <ClInclude Include="FileManager\FileManange.h">
      <Filter>文件管理</Filter>
    </ClInclude>
    <ClInclude Include="LiteLog\LiteLog.h">
      <Filter>日记类</Filter>
    </ClInclude>
    <ClInclude Include="tinyxml\tinystr.h">
      <Filter>tinyxml</Filter>
    </ClInclude>
    <ClInclude Include="tinyxml\tinyxml.h">
      <Filter>tinyxml</Filter>
    </ClInclude>
    <ClInclude Include="tinyxml\TinyXmlTool.h">
      <Filter>tinyxml</Filter>
    </ClInclude>
    <ClInclude Include="tinyxml2\tinyxml2.h">
      <Filter>tinyxml2</Filter>
    </ClInclude>
    <ClInclude Include="SystemSettings\GetCpuUseage.h">
      <Filter>SystemSettings</Filter>
    </ClInclude>
    <ClInclude Include="SystemSettings\SystemSettings.h">
      <Filter>SystemSettings</Filter>
    </ClInclude>
    <ClInclude Include="thread_pool\thread_pool.h">
      <Filter>thread_pool</Filter>
    </ClInclude>
    <ClInclude Include="Json\json\json.h">
      <Filter>Json</Filter>
    </ClInclude>
    <ClInclude Include="Json\json\json-forwards.h">
      <Filter>Json</Filter>
    </ClInclude>
    <ClInclude Include="Json\WSJson.h">
      <Filter>Json</Filter>
    </ClInclude>
    <ClInclude Include="log\log_deffine.h">
      <Filter>Log</Filter>
    </ClInclude>
    <ClInclude Include="log\Logger.h">
      <Filter>Log</Filter>
    </ClInclude>
    <ClInclude Include="log\LogManager.h">
      <Filter>Log</Filter>
    </ClInclude>
    <ClInclude Include="gtest-1.7.0\gtest\gtest.h">
      <Filter>gtest</Filter>
    </ClInclude>
    <ClInclude Include="HSingleton.h">
      <Filter>头文件</Filter>
    </ClInclude>
    <ClInclude Include="ZipOperation.h">
      <Filter>头文件</Filter>
    </ClInclude>
    <ClInclude Include="zip\ZipOperation.h">
      <Filter>Zip</Filter>
    </ClInclude>
    <ClInclude Include="zip\zlib\crc32.h">
      <Filter>Zip\zlib</Filter>
    </ClInclude>
    <ClInclude Include="zip\zlib\crypt.h">
      <Filter>Zip\zlib</Filter>
    </ClInclude>
    <ClInclude Include="zip\zlib\deflate.h">
      <Filter>Zip\zlib</Filter>
    </ClInclude>
    <ClInclude Include="zip\zlib\gzguts.h">
      <Filter>Zip\zlib</Filter>
    </ClInclude>
    <ClInclude Include="zip\zlib\inffast.h">
      <Filter>Zip\zlib</Filter>
    </ClInclude>
    <ClInclude Include="zip\zlib\inffixed.h">
      <Filter>Zip\zlib</Filter>
    </ClInclude>
    <ClInclude Include="zip\zlib\inflate.h">
      <Filter>Zip\zlib</Filter>
    </ClInclude>
    <ClInclude Include="zip\zlib\inftrees.h">
      <Filter>Zip\zlib</Filter>
    </ClInclude>
    <ClInclude Include="zip\zlib\ioapi.h">
      <Filter>Zip\zlib</Filter>
    </ClInclude>
    <ClInclude Include="zip\zlib\iowin32.h">
      <Filter>Zip\zlib</Filter>
    </ClInclude>
    <ClInclude Include="zip\zlib\mztools.h">
      <Filter>Zip\zlib</Filter>
    </ClInclude>
    <ClInclude Include="zip\zlib\trees.h">
      <Filter>Zip\zlib</Filter>
    </ClInclude>
    <ClInclude Include="zip\zlib\unzip.h">
      <Filter>Zip\zlib</Filter>
    </ClInclude>
    <ClInclude Include="zip\zlib\zconf.h">
      <Filter>Zip\zlib</Filter>
    </ClInclude>
    <ClInclude Include="zip\zlib\zip.h">
      <Filter>Zip\zlib</Filter>
    </ClInclude>
    <ClInclude Include="zip\zlib\zlib.h">
      <Filter>Zip\zlib</Filter>
    </ClInclude>
    <ClInclude Include="zip\zlib\zutil.h">
      <Filter>Zip\zlib</Filter>
    </ClInclude>
    <ClInclude Include="LSP\FixLSP.h">
      <Filter>LSP</Filter>
    </ClInclude>
    <ClInclude Include="HttpClientLib\HttpClient.h">
      <Filter>http</Filter>
    </ClInclude>
  </ItemGroup>
</Project>